// !$*UTF8*$!
{
	archiveVersion = 1;
	classes = {
	};
	objectVersion = 56;
	objects = {

/* Begin PBXBuildFile section */
		E35539382D3D1362006D11F5 /* ShimmerModifier.swift in Sources */ = {isa = PBXBuildFile; fileRef = E35539372D3D1362006D11F5 /* ShimmerModifier.swift */; };
		E35539452D3E8933006D11F5 /* GoogleGenerativeAI in Frameworks */ = {isa = PBXBuildFile; productRef = E35539442D3E8933006D11F5 /* GoogleGenerativeAI */; };
		E35539472D3E8B84006D11F5 /* GeminiService.swift in Sources */ = {isa = PBXBuildFile; fileRef = E35539462D3E8B84006D11F5 /* GeminiService.swift */; };
		E355394A2D411C5E006D11F5 /* Secrets.swift in Sources */ = {isa = PBXBuildFile; fileRef = E35539492D411C5E006D11F5 /* Secrets.swift */; };
		E35539702D476D0F006D11F5 /* WidgetKit.framework in Frameworks */ = {isa = PBXBuildFile; fileRef = E355396F2D476D0F006D11F5 /* WidgetKit.framework */; };
		E35539722D476D0F006D11F5 /* SwiftUI.framework in Frameworks */ = {isa = PBXBuildFile; fileRef = E35539712D476D0F006D11F5 /* SwiftUI.framework */; };
		E35539752D476D0F006D11F5 /* FortuneBoxWidgetBundle.swift in Sources */ = {isa = PBXBuildFile; fileRef = E35539742D476D0F006D11F5 /* FortuneBoxWidgetBundle.swift */; };
		E35539792D476D0F006D11F5 /* FortuneBoxWidget.swift in Sources */ = {isa = PBXBuildFile; fileRef = E35539782D476D0F006D11F5 /* FortuneBoxWidget.swift */; };
		E355397D2D476D11006D11F5 /* Assets.xcassets in Resources */ = {isa = PBXBuildFile; fileRef = E355397C2D476D11006D11F5 /* Assets.xcassets */; };
		E35539812D476D11006D11F5 /* FortuneBoxWidgetExtension.appex in Embed Foundation Extensions */ = {isa = PBXBuildFile; fileRef = E355396D2D476D0F006D11F5 /* FortuneBoxWidgetExtension.appex */; settings = {ATTRIBUTES = (RemoveHeadersOnCopy, ); }; };
		E35539882D476DE2006D11F5 /* FortuneBoxIntent.swift in Sources */ = {isa = PBXBuildFile; fileRef = E35539872D476DE2006D11F5 /* FortuneBoxIntent.swift */; };
		E35539922D4771CF006D11F5 /* FortuneStorage.swift in Sources */ = {isa = PBXBuildFile; fileRef = E3F5CCA72D3B884A0017FAE5 /* FortuneStorage.swift */; };
		E35539932D4771D3006D11F5 /* fortune-box.json in Resources */ = {isa = PBXBuildFile; fileRef = E3F5CCA52D3B882C0017FAE5 /* fortune-box.json */; };
		E35539942D4771E1006D11F5 /* FortuneBoxEntry.swift in Sources */ = {isa = PBXBuildFile; fileRef = E355398E2D476E7C006D11F5 /* FortuneBoxEntry.swift */; };
		E35539952D4771E4006D11F5 /* FortuneBoxEntryView.swift in Sources */ = {isa = PBXBuildFile; fileRef = E355398C2D476E74006D11F5 /* FortuneBoxEntryView.swift */; };
		E35539962D4771E8006D11F5 /* FortuneBoxEntryProvider.swift in Sources */ = {isa = PBXBuildFile; fileRef = E35539902D476EC8006D11F5 /* FortuneBoxEntryProvider.swift */; };
		E35539992D477277006D11F5 /* Fortune.swift in Sources */ = {isa = PBXBuildFile; fileRef = E3F5CC952D3B86B80017FAE5 /* Fortune.swift */; };
		E355399A2D4772C7006D11F5 /* FortuneBoxIntent.swift in Sources */ = {isa = PBXBuildFile; fileRef = E35539872D476DE2006D11F5 /* FortuneBoxIntent.swift */; };
		E355399E2D4772FA006D11F5 /* Date+Extensions.swift in Sources */ = {isa = PBXBuildFile; fileRef = E355399D2D4772FA006D11F5 /* Date+Extensions.swift */; };
		E355399F2D477301006D11F5 /* Date+Extensions.swift in Sources */ = {isa = PBXBuildFile; fileRef = E355399D2D4772FA006D11F5 /* Date+Extensions.swift */; };
		E3DC0F602D47DC2800BEF5FC /* UserDefaultsManager.swift in Sources */ = {isa = PBXBuildFile; fileRef = E3DC0F5F2D47DC2800BEF5FC /* UserDefaultsManager.swift */; };
		E3DC0F612D47DDE500BEF5FC /* UserDefaultsManager.swift in Sources */ = {isa = PBXBuildFile; fileRef = E3DC0F5F2D47DC2800BEF5FC /* UserDefaultsManager.swift */; };
		E3DC0F632D47E6E300BEF5FC /* Secrets.swift in Sources */ = {isa = PBXBuildFile; fileRef = E35539492D411C5E006D11F5 /* Secrets.swift */; };
		E3DC0F652D489C5700BEF5FC /* Notification.swift in Sources */ = {isa = PBXBuildFile; fileRef = E3DC0F642D489C5700BEF5FC /* Notification.swift */; };
		E3DC0F662D48E23400BEF5FC /* FortuneBoxEntry.swift in Sources */ = {isa = PBXBuildFile; fileRef = E355398E2D476E7C006D11F5 /* FortuneBoxEntry.swift */; };
		E3E452EA2D3C85B100DA3DF5 /* SpinnerItemViewModel.swift in Sources */ = {isa = PBXBuildFile; fileRef = E3E452E92D3C85B100DA3DF5 /* SpinnerItemViewModel.swift */; };
		E3E452EC2D3C85BB00DA3DF5 /* SpinnerItemView.swift in Sources */ = {isa = PBXBuildFile; fileRef = E3E452EB2D3C85BB00DA3DF5 /* SpinnerItemView.swift */; };
		E3E452EE2D3C86F300DA3DF5 /* EmojiSpinnerViewModel.swift in Sources */ = {isa = PBXBuildFile; fileRef = E3E452ED2D3C86F300DA3DF5 /* EmojiSpinnerViewModel.swift */; };
		E3E452F22D3C990C00DA3DF5 /* GradientBackgroundModifier.swift in Sources */ = {isa = PBXBuildFile; fileRef = E3E452F12D3C990C00DA3DF5 /* GradientBackgroundModifier.swift */; };
		E3E452FA2D3CF49800DA3DF5 /* TypingAnimationView.swift in Sources */ = {isa = PBXBuildFile; fileRef = E3E452F82D3CF49800DA3DF5 /* TypingAnimationView.swift */; };
		E3E452FB2D3CF49800DA3DF5 /* TypingAnimationViewModel.swift in Sources */ = {isa = PBXBuildFile; fileRef = E3E452F92D3CF49800DA3DF5 /* TypingAnimationViewModel.swift */; };
		E3F5CC682D3B842B0017FAE5 /* FortuneBoxApp.swift in Sources */ = {isa = PBXBuildFile; fileRef = E3F5CC672D3B842B0017FAE5 /* FortuneBoxApp.swift */; };
		E3F5CC6C2D3B842E0017FAE5 /* Assets.xcassets in Resources */ = {isa = PBXBuildFile; fileRef = E3F5CC6B2D3B842E0017FAE5 /* Assets.xcassets */; };
		E3F5CC6F2D3B842E0017FAE5 /* Preview Assets.xcassets in Resources */ = {isa = PBXBuildFile; fileRef = E3F5CC6E2D3B842E0017FAE5 /* Preview Assets.xcassets */; };
		E3F5CC792D3B842F0017FAE5 /* FortuneBoxTests.swift in Sources */ = {isa = PBXBuildFile; fileRef = E3F5CC782D3B842F0017FAE5 /* FortuneBoxTests.swift */; };
		E3F5CC832D3B842F0017FAE5 /* FortuneBoxUITests.swift in Sources */ = {isa = PBXBuildFile; fileRef = E3F5CC822D3B842F0017FAE5 /* FortuneBoxUITests.swift */; };
		E3F5CC852D3B842F0017FAE5 /* FortuneBoxUITestsLaunchTests.swift in Sources */ = {isa = PBXBuildFile; fileRef = E3F5CC842D3B842F0017FAE5 /* FortuneBoxUITestsLaunchTests.swift */; };
		E3F5CC962D3B86B80017FAE5 /* Fortune.swift in Sources */ = {isa = PBXBuildFile; fileRef = E3F5CC952D3B86B80017FAE5 /* Fortune.swift */; };
		E3F5CC992D3B86D00017FAE5 /* TodayView.swift in Sources */ = {isa = PBXBuildFile; fileRef = E3F5CC982D3B86D00017FAE5 /* TodayView.swift */; };
		E3F5CC9B2D3B86DE0017FAE5 /* TodayViewModel.swift in Sources */ = {isa = PBXBuildFile; fileRef = E3F5CC9A2D3B86DE0017FAE5 /* TodayViewModel.swift */; };
		E3F5CCA62D3B882C0017FAE5 /* fortune-box.json in Resources */ = {isa = PBXBuildFile; fileRef = E3F5CCA52D3B882C0017FAE5 /* fortune-box.json */; };
		E3F5CCA82D3B884A0017FAE5 /* FortuneStorage.swift in Sources */ = {isa = PBXBuildFile; fileRef = E3F5CCA72D3B884A0017FAE5 /* FortuneStorage.swift */; };
		E3F5CCAB2D3B8A550017FAE5 /* EmojiSpinnerView.swift in Sources */ = {isa = PBXBuildFile; fileRef = E3F5CCAA2D3B8A550017FAE5 /* EmojiSpinnerView.swift */; };
/* End PBXBuildFile section */

/* Begin PBXContainerItemProxy section */
		E355397F2D476D11006D11F5 /* PBXContainerItemProxy */ = {
			isa = PBXContainerItemProxy;
			containerPortal = E3F5CC5C2D3B842B0017FAE5 /* Project object */;
			proxyType = 1;
			remoteGlobalIDString = E355396C2D476D0F006D11F5;
			remoteInfo = FortuneBoxWidgetExtension;
		};
		E3F5CC752D3B842F0017FAE5 /* PBXContainerItemProxy */ = {
			isa = PBXContainerItemProxy;
			containerPortal = E3F5CC5C2D3B842B0017FAE5 /* Project object */;
			proxyType = 1;
			remoteGlobalIDString = E3F5CC632D3B842B0017FAE5;
			remoteInfo = FortuneBox;
		};
		E3F5CC7F2D3B842F0017FAE5 /* PBXContainerItemProxy */ = {
			isa = PBXContainerItemProxy;
			containerPortal = E3F5CC5C2D3B842B0017FAE5 /* Project object */;
			proxyType = 1;
			remoteGlobalIDString = E3F5CC632D3B842B0017FAE5;
			remoteInfo = FortuneBox;
		};
/* End PBXContainerItemProxy section */

/* Begin PBXCopyFilesBuildPhase section */
		E35539822D476D11006D11F5 /* Embed Foundation Extensions */ = {
			isa = PBXCopyFilesBuildPhase;
			buildActionMask = 2147483647;
			dstPath = "";
			dstSubfolderSpec = 13;
			files = (
				E35539812D476D11006D11F5 /* FortuneBoxWidgetExtension.appex in Embed Foundation Extensions */,
			);
			name = "Embed Foundation Extensions";
			runOnlyForDeploymentPostprocessing = 0;
		};
/* End PBXCopyFilesBuildPhase section */

/* Begin PBXFileReference section */
		E35539372D3D1362006D11F5 /* ShimmerModifier.swift */ = {isa = PBXFileReference; lastKnownFileType = sourcecode.swift; path = ShimmerModifier.swift; sourceTree = "<group>"; };
		E35539462D3E8B84006D11F5 /* GeminiService.swift */ = {isa = PBXFileReference; lastKnownFileType = sourcecode.swift; path = GeminiService.swift; sourceTree = "<group>"; };
		E35539492D411C5E006D11F5 /* Secrets.swift */ = {isa = PBXFileReference; lastKnownFileType = sourcecode.swift; path = Secrets.swift; sourceTree = "<group>"; };
		E355396D2D476D0F006D11F5 /* FortuneBoxWidgetExtension.appex */ = {isa = PBXFileReference; explicitFileType = "wrapper.app-extension"; includeInIndex = 0; path = FortuneBoxWidgetExtension.appex; sourceTree = BUILT_PRODUCTS_DIR; };
		E355396F2D476D0F006D11F5 /* WidgetKit.framework */ = {isa = PBXFileReference; lastKnownFileType = wrapper.framework; name = WidgetKit.framework; path = System/Library/Frameworks/WidgetKit.framework; sourceTree = SDKROOT; };
		E35539712D476D0F006D11F5 /* SwiftUI.framework */ = {isa = PBXFileReference; lastKnownFileType = wrapper.framework; name = SwiftUI.framework; path = System/Library/Frameworks/SwiftUI.framework; sourceTree = SDKROOT; };
		E35539742D476D0F006D11F5 /* FortuneBoxWidgetBundle.swift */ = {isa = PBXFileReference; lastKnownFileType = sourcecode.swift; path = FortuneBoxWidgetBundle.swift; sourceTree = "<group>"; };
		E35539782D476D0F006D11F5 /* FortuneBoxWidget.swift */ = {isa = PBXFileReference; lastKnownFileType = sourcecode.swift; path = FortuneBoxWidget.swift; sourceTree = "<group>"; };
		E355397C2D476D11006D11F5 /* Assets.xcassets */ = {isa = PBXFileReference; lastKnownFileType = folder.assetcatalog; path = Assets.xcassets; sourceTree = "<group>"; };
		E355397E2D476D11006D11F5 /* Info.plist */ = {isa = PBXFileReference; lastKnownFileType = text.plist.xml; path = Info.plist; sourceTree = "<group>"; };
		E35539872D476DE2006D11F5 /* FortuneBoxIntent.swift */ = {isa = PBXFileReference; lastKnownFileType = sourcecode.swift; path = FortuneBoxIntent.swift; sourceTree = "<group>"; };
		E355398C2D476E74006D11F5 /* FortuneBoxEntryView.swift */ = {isa = PBXFileReference; lastKnownFileType = sourcecode.swift; path = FortuneBoxEntryView.swift; sourceTree = "<group>"; };
		E355398E2D476E7C006D11F5 /* FortuneBoxEntry.swift */ = {isa = PBXFileReference; lastKnownFileType = sourcecode.swift; path = FortuneBoxEntry.swift; sourceTree = "<group>"; };
		E35539902D476EC8006D11F5 /* FortuneBoxEntryProvider.swift */ = {isa = PBXFileReference; lastKnownFileType = sourcecode.swift; path = FortuneBoxEntryProvider.swift; sourceTree = "<group>"; };
		E355399D2D4772FA006D11F5 /* Date+Extensions.swift */ = {isa = PBXFileReference; lastKnownFileType = sourcecode.swift; path = "Date+Extensions.swift"; sourceTree = "<group>"; };
		E35539A02D4774D1006D11F5 /* FortuneBox.entitlements */ = {isa = PBXFileReference; lastKnownFileType = text.plist.entitlements; path = FortuneBox.entitlements; sourceTree = "<group>"; };
		E3DC0F5F2D47DC2800BEF5FC /* UserDefaultsManager.swift */ = {isa = PBXFileReference; lastKnownFileType = sourcecode.swift; path = UserDefaultsManager.swift; sourceTree = "<group>"; };
		E3DC0F642D489C5700BEF5FC /* Notification.swift */ = {isa = PBXFileReference; lastKnownFileType = sourcecode.swift; path = Notification.swift; sourceTree = "<group>"; };
		E3E452E92D3C85B100DA3DF5 /* SpinnerItemViewModel.swift */ = {isa = PBXFileReference; lastKnownFileType = sourcecode.swift; path = SpinnerItemViewModel.swift; sourceTree = "<group>"; };
		E3E452EB2D3C85BB00DA3DF5 /* SpinnerItemView.swift */ = {isa = PBXFileReference; lastKnownFileType = sourcecode.swift; path = SpinnerItemView.swift; sourceTree = "<group>"; };
		E3E452ED2D3C86F300DA3DF5 /* EmojiSpinnerViewModel.swift */ = {isa = PBXFileReference; lastKnownFileType = sourcecode.swift; path = EmojiSpinnerViewModel.swift; sourceTree = "<group>"; };
		E3E452F12D3C990C00DA3DF5 /* GradientBackgroundModifier.swift */ = {isa = PBXFileReference; lastKnownFileType = sourcecode.swift; path = GradientBackgroundModifier.swift; sourceTree = "<group>"; };
		E3E452F82D3CF49800DA3DF5 /* TypingAnimationView.swift */ = {isa = PBXFileReference; fileEncoding = 4; lastKnownFileType = sourcecode.swift; path = TypingAnimationView.swift; sourceTree = "<group>"; };
		E3E452F92D3CF49800DA3DF5 /* TypingAnimationViewModel.swift */ = {isa = PBXFileReference; fileEncoding = 4; lastKnownFileType = sourcecode.swift; path = TypingAnimationViewModel.swift; sourceTree = "<group>"; };
		E3F5CC642D3B842B0017FAE5 /* FortuneBox.app */ = {isa = PBXFileReference; explicitFileType = wrapper.application; includeInIndex = 0; path = FortuneBox.app; sourceTree = BUILT_PRODUCTS_DIR; };
		E3F5CC672D3B842B0017FAE5 /* FortuneBoxApp.swift */ = {isa = PBXFileReference; lastKnownFileType = sourcecode.swift; path = FortuneBoxApp.swift; sourceTree = "<group>"; };
		E3F5CC6B2D3B842E0017FAE5 /* Assets.xcassets */ = {isa = PBXFileReference; lastKnownFileType = folder.assetcatalog; path = Assets.xcassets; sourceTree = "<group>"; };
		E3F5CC6E2D3B842E0017FAE5 /* Preview Assets.xcassets */ = {isa = PBXFileReference; lastKnownFileType = folder.assetcatalog; path = "Preview Assets.xcassets"; sourceTree = "<group>"; };
		E3F5CC742D3B842F0017FAE5 /* FortuneBoxTests.xctest */ = {isa = PBXFileReference; explicitFileType = wrapper.cfbundle; includeInIndex = 0; path = FortuneBoxTests.xctest; sourceTree = BUILT_PRODUCTS_DIR; };
		E3F5CC782D3B842F0017FAE5 /* FortuneBoxTests.swift */ = {isa = PBXFileReference; lastKnownFileType = sourcecode.swift; path = FortuneBoxTests.swift; sourceTree = "<group>"; };
		E3F5CC7E2D3B842F0017FAE5 /* FortuneBoxUITests.xctest */ = {isa = PBXFileReference; explicitFileType = wrapper.cfbundle; includeInIndex = 0; path = FortuneBoxUITests.xctest; sourceTree = BUILT_PRODUCTS_DIR; };
		E3F5CC822D3B842F0017FAE5 /* FortuneBoxUITests.swift */ = {isa = PBXFileReference; lastKnownFileType = sourcecode.swift; path = FortuneBoxUITests.swift; sourceTree = "<group>"; };
		E3F5CC842D3B842F0017FAE5 /* FortuneBoxUITestsLaunchTests.swift */ = {isa = PBXFileReference; lastKnownFileType = sourcecode.swift; path = FortuneBoxUITestsLaunchTests.swift; sourceTree = "<group>"; };
		E3F5CC952D3B86B80017FAE5 /* Fortune.swift */ = {isa = PBXFileReference; lastKnownFileType = sourcecode.swift; path = Fortune.swift; sourceTree = "<group>"; };
		E3F5CC982D3B86D00017FAE5 /* TodayView.swift */ = {isa = PBXFileReference; lastKnownFileType = sourcecode.swift; path = TodayView.swift; sourceTree = "<group>"; };
		E3F5CC9A2D3B86DE0017FAE5 /* TodayViewModel.swift */ = {isa = PBXFileReference; lastKnownFileType = sourcecode.swift; path = TodayViewModel.swift; sourceTree = "<group>"; };
		E3F5CCA52D3B882C0017FAE5 /* fortune-box.json */ = {isa = PBXFileReference; lastKnownFileType = text.json; path = "fortune-box.json"; sourceTree = "<group>"; };
		E3F5CCA72D3B884A0017FAE5 /* FortuneStorage.swift */ = {isa = PBXFileReference; lastKnownFileType = sourcecode.swift; path = FortuneStorage.swift; sourceTree = "<group>"; };
		E3F5CCAA2D3B8A550017FAE5 /* EmojiSpinnerView.swift */ = {isa = PBXFileReference; lastKnownFileType = sourcecode.swift; path = EmojiSpinnerView.swift; sourceTree = "<group>"; };
/* End PBXFileReference section */

/* Begin PBXFrameworksBuildPhase section */
		E355396A2D476D0F006D11F5 /* Frameworks */ = {
			isa = PBXFrameworksBuildPhase;
			buildActionMask = 2147483647;
			files = (
				E35539722D476D0F006D11F5 /* SwiftUI.framework in Frameworks */,
				E35539702D476D0F006D11F5 /* WidgetKit.framework in Frameworks */,
			);
			runOnlyForDeploymentPostprocessing = 0;
		};
		E3F5CC612D3B842B0017FAE5 /* Frameworks */ = {
			isa = PBXFrameworksBuildPhase;
			buildActionMask = 2147483647;
			files = (
				E35539452D3E8933006D11F5 /* GoogleGenerativeAI in Frameworks */,
			);
			runOnlyForDeploymentPostprocessing = 0;
		};
		E3F5CC712D3B842F0017FAE5 /* Frameworks */ = {
			isa = PBXFrameworksBuildPhase;
			buildActionMask = 2147483647;
			files = (
			);
			runOnlyForDeploymentPostprocessing = 0;
		};
		E3F5CC7B2D3B842F0017FAE5 /* Frameworks */ = {
			isa = PBXFrameworksBuildPhase;
			buildActionMask = 2147483647;
			files = (
			);
			runOnlyForDeploymentPostprocessing = 0;
		};
/* End PBXFrameworksBuildPhase section */

/* Begin PBXGroup section */
		E3532D572D4BC680009C979F /* Resources */ = {
			isa = PBXGroup;
			children = (
				E3F5CC6B2D3B842E0017FAE5 /* Assets.xcassets */,
			);
			path = Resources;
			sourceTree = "<group>";
		};
		E35539362D3D1351006D11F5 /* Modifier */ = {
			isa = PBXGroup;
			children = (
				E35539372D3D1362006D11F5 /* ShimmerModifier.swift */,
				E3E452F12D3C990C00DA3DF5 /* GradientBackgroundModifier.swift */,
			);
			path = Modifier;
			sourceTree = "<group>";
		};
		E35539412D3E88BB006D11F5 /* Services */ = {
			isa = PBXGroup;
			children = (
				E35539422D3E88C7006D11F5 /* Gemini */,
			);
			path = Services;
			sourceTree = "<group>";
		};
		E35539422D3E88C7006D11F5 /* Gemini */ = {
			isa = PBXGroup;
			children = (
				E35539462D3E8B84006D11F5 /* GeminiService.swift */,
			);
			path = Gemini;
			sourceTree = "<group>";
		};
		E355396E2D476D0F006D11F5 /* Frameworks */ = {
			isa = PBXGroup;
			children = (
				E355396F2D476D0F006D11F5 /* WidgetKit.framework */,
				E35539712D476D0F006D11F5 /* SwiftUI.framework */,
			);
			name = Frameworks;
			sourceTree = "<group>";
		};
		E35539732D476D0F006D11F5 /* FortuneBoxWidget */ = {
			isa = PBXGroup;
			children = (
				E35539972D477225006D11F5 /* Widgets */,
				E35539742D476D0F006D11F5 /* FortuneBoxWidgetBundle.swift */,
				E355397C2D476D11006D11F5 /* Assets.xcassets */,
				E355397E2D476D11006D11F5 /* Info.plist */,
			);
			path = FortuneBoxWidget;
			sourceTree = "<group>";
		};
		E35539862D476DD0006D11F5 /* Intent */ = {
			isa = PBXGroup;
			children = (
				E35539872D476DE2006D11F5 /* FortuneBoxIntent.swift */,
			);
			path = Intent;
			sourceTree = "<group>";
		};
		E35539892D476E51006D11F5 /* Provider */ = {
			isa = PBXGroup;
			children = (
				E355398A2D476E58006D11F5 /* EntryView */,
				E355398B2D476E5E006D11F5 /* Entry */,
				E35539902D476EC8006D11F5 /* FortuneBoxEntryProvider.swift */,
			);
			path = Provider;
			sourceTree = "<group>";
		};
		E355398A2D476E58006D11F5 /* EntryView */ = {
			isa = PBXGroup;
			children = (
				E355398C2D476E74006D11F5 /* FortuneBoxEntryView.swift */,
			);
			path = EntryView;
			sourceTree = "<group>";
		};
		E355398B2D476E5E006D11F5 /* Entry */ = {
			isa = PBXGroup;
			children = (
				E355398E2D476E7C006D11F5 /* FortuneBoxEntry.swift */,
			);
			path = Entry;
			sourceTree = "<group>";
		};
		E35539972D477225006D11F5 /* Widgets */ = {
			isa = PBXGroup;
			children = (
				E35539982D477234006D11F5 /* FortuneBoxWidget */,
			);
			path = Widgets;
			sourceTree = "<group>";
		};
		E35539982D477234006D11F5 /* FortuneBoxWidget */ = {
			isa = PBXGroup;
			children = (
				E35539892D476E51006D11F5 /* Provider */,
				E35539862D476DD0006D11F5 /* Intent */,
				E35539782D476D0F006D11F5 /* FortuneBoxWidget.swift */,
			);
			path = FortuneBoxWidget;
			sourceTree = "<group>";
		};
		E3DC0F5E2D47DC1600BEF5FC /* Persistence */ = {
			isa = PBXGroup;
			children = (
				E3DC0F5F2D47DC2800BEF5FC /* UserDefaultsManager.swift */,
			);
			path = Persistence;
			sourceTree = "<group>";
		};
		E3E452E72D3C82ED00DA3DF5 /* EmojiSpinnerView */ = {
			isa = PBXGroup;
			children = (
				E3E452E82D3C851F00DA3DF5 /* Item */,
				E3F5CCAA2D3B8A550017FAE5 /* EmojiSpinnerView.swift */,
				E3E452ED2D3C86F300DA3DF5 /* EmojiSpinnerViewModel.swift */,
			);
			path = EmojiSpinnerView;
			sourceTree = "<group>";
		};
		E3E452E82D3C851F00DA3DF5 /* Item */ = {
			isa = PBXGroup;
			children = (
				E3E452EB2D3C85BB00DA3DF5 /* SpinnerItemView.swift */,
				E3E452E92D3C85B100DA3DF5 /* SpinnerItemViewModel.swift */,
			);
			path = Item;
			sourceTree = "<group>";
		};
		E3E452EF2D3C98ED00DA3DF5 /* DesignSystems */ = {
			isa = PBXGroup;
			children = (
				E35539362D3D1351006D11F5 /* Modifier */,
			);
			path = DesignSystems;
			sourceTree = "<group>";
		};
		E3E452F52D3CA0BB00DA3DF5 /* TypingAnimationView */ = {
			isa = PBXGroup;
			children = (
				E3E452F82D3CF49800DA3DF5 /* TypingAnimationView.swift */,
				E3E452F92D3CF49800DA3DF5 /* TypingAnimationViewModel.swift */,
			);
			path = TypingAnimationView;
			sourceTree = "<group>";
		};
		E3F5CC5B2D3B842B0017FAE5 = {
			isa = PBXGroup;
			children = (
				E3F5CC662D3B842B0017FAE5 /* FortuneBox */,
				E3F5CC772D3B842F0017FAE5 /* FortuneBoxTests */,
				E3F5CC812D3B842F0017FAE5 /* FortuneBoxUITests */,
				E35539732D476D0F006D11F5 /* FortuneBoxWidget */,
				E355396E2D476D0F006D11F5 /* Frameworks */,
				E3F5CC652D3B842B0017FAE5 /* Products */,
			);
			sourceTree = "<group>";
		};
		E3F5CC652D3B842B0017FAE5 /* Products */ = {
			isa = PBXGroup;
			children = (
				E3F5CC642D3B842B0017FAE5 /* FortuneBox.app */,
				E3F5CC742D3B842F0017FAE5 /* FortuneBoxTests.xctest */,
				E3F5CC7E2D3B842F0017FAE5 /* FortuneBoxUITests.xctest */,
				E355396D2D476D0F006D11F5 /* FortuneBoxWidgetExtension.appex */,
			);
			name = Products;
			sourceTree = "<group>";
		};
		E3F5CC662D3B842B0017FAE5 /* FortuneBox */ = {
			isa = PBXGroup;
			children = (
				E3F5CC912D3B86890017FAE5 /* App */,
				E3F5CC922D3B86930017FAE5 /* Features */,
				E35539412D3E88BB006D11F5 /* Services */,
				E3F5CC932D3B869D0017FAE5 /* Domain */,
				E3F5CCA32D3B87F80017FAE5 /* Data */,
				E3F5CC9C2D3B86FA0017FAE5 /* Shared */,
				E3532D572D4BC680009C979F /* Resources */,
				E3F5CC6D2D3B842E0017FAE5 /* Preview Content */,
			);
			path = FortuneBox;
			sourceTree = "<group>";
		};
		E3F5CC6D2D3B842E0017FAE5 /* Preview Content */ = {
			isa = PBXGroup;
			children = (
				E3F5CC6E2D3B842E0017FAE5 /* Preview Assets.xcassets */,
			);
			path = "Preview Content";
			sourceTree = "<group>";
		};
		E3F5CC772D3B842F0017FAE5 /* FortuneBoxTests */ = {
			isa = PBXGroup;
			children = (
				E3F5CC782D3B842F0017FAE5 /* FortuneBoxTests.swift */,
			);
			path = FortuneBoxTests;
			sourceTree = "<group>";
		};
		E3F5CC812D3B842F0017FAE5 /* FortuneBoxUITests */ = {
			isa = PBXGroup;
			children = (
				E3F5CC822D3B842F0017FAE5 /* FortuneBoxUITests.swift */,
				E3F5CC842D3B842F0017FAE5 /* FortuneBoxUITestsLaunchTests.swift */,
			);
			path = FortuneBoxUITests;
			sourceTree = "<group>";
		};
		E3F5CC912D3B86890017FAE5 /* App */ = {
			isa = PBXGroup;
			children = (
				E35539A02D4774D1006D11F5 /* FortuneBox.entitlements */,
				E3F5CC672D3B842B0017FAE5 /* FortuneBoxApp.swift */,
				E35539492D411C5E006D11F5 /* Secrets.swift */,
				E3DC0F642D489C5700BEF5FC /* Notification.swift */,
			);
			path = App;
			sourceTree = "<group>";
		};
		E3F5CC922D3B86930017FAE5 /* Features */ = {
			isa = PBXGroup;
			children = (
				E3F5CC972D3B86C00017FAE5 /* Today */,
			);
			path = Features;
			sourceTree = "<group>";
		};
		E3F5CC932D3B869D0017FAE5 /* Domain */ = {
			isa = PBXGroup;
			children = (
				E3F5CC942D3B86A60017FAE5 /* Models */,
			);
			path = Domain;
			sourceTree = "<group>";
		};
		E3F5CC942D3B86A60017FAE5 /* Models */ = {
			isa = PBXGroup;
			children = (
				E3F5CC952D3B86B80017FAE5 /* Fortune.swift */,
			);
			path = Models;
			sourceTree = "<group>";
		};
		E3F5CC972D3B86C00017FAE5 /* Today */ = {
			isa = PBXGroup;
			children = (
				E3F5CC982D3B86D00017FAE5 /* TodayView.swift */,
				E3F5CC9A2D3B86DE0017FAE5 /* TodayViewModel.swift */,
			);
			path = Today;
			sourceTree = "<group>";
		};
		E3F5CC9C2D3B86FA0017FAE5 /* Shared */ = {
			isa = PBXGroup;
			children = (
				E3E452EF2D3C98ED00DA3DF5 /* DesignSystems */,
				E3F5CCA92D3B8A4C0017FAE5 /* Components */,
				E3F5CC9E2D3B870E0017FAE5 /* Extensions */,
			);
			path = Shared;
			sourceTree = "<group>";
		};
		E3F5CC9E2D3B870E0017FAE5 /* Extensions */ = {
			isa = PBXGroup;
			children = (
				E355399D2D4772FA006D11F5 /* Date+Extensions.swift */,
			);
			path = Extensions;
			sourceTree = "<group>";
		};
		E3F5CCA32D3B87F80017FAE5 /* Data */ = {
			isa = PBXGroup;
			children = (
				E3DC0F5E2D47DC1600BEF5FC /* Persistence */,
				E3F5CCA42D3B88090017FAE5 /* Local */,
			);
			path = Data;
			sourceTree = "<group>";
		};
		E3F5CCA42D3B88090017FAE5 /* Local */ = {
			isa = PBXGroup;
			children = (
				E3F5CCA52D3B882C0017FAE5 /* fortune-box.json */,
				E3F5CCA72D3B884A0017FAE5 /* FortuneStorage.swift */,
			);
			path = Local;
			sourceTree = "<group>";
		};
		E3F5CCA92D3B8A4C0017FAE5 /* Components */ = {
			isa = PBXGroup;
			children = (
				E3E452F52D3CA0BB00DA3DF5 /* TypingAnimationView */,
				E3E452E72D3C82ED00DA3DF5 /* EmojiSpinnerView */,
			);
			path = Components;
			sourceTree = "<group>";
		};
/* End PBXGroup section */

/* Begin PBXNativeTarget section */
		E355396C2D476D0F006D11F5 /* FortuneBoxWidgetExtension */ = {
			isa = PBXNativeTarget;
			buildConfigurationList = E35539852D476D11006D11F5 /* Build configuration list for PBXNativeTarget "FortuneBoxWidgetExtension" */;
			buildPhases = (
				E35539692D476D0F006D11F5 /* Sources */,
				E355396A2D476D0F006D11F5 /* Frameworks */,
				E355396B2D476D0F006D11F5 /* Resources */,
			);
			buildRules = (
			);
			dependencies = (
			);
			name = FortuneBoxWidgetExtension;
			productName = FortuneBoxWidgetExtension;
			productReference = E355396D2D476D0F006D11F5 /* FortuneBoxWidgetExtension.appex */;
			productType = "com.apple.product-type.app-extension";
		};
		E3F5CC632D3B842B0017FAE5 /* FortuneBox */ = {
			isa = PBXNativeTarget;
			buildConfigurationList = E3F5CC882D3B842F0017FAE5 /* Build configuration list for PBXNativeTarget "FortuneBox" */;
			buildPhases = (
				E3F5CC602D3B842B0017FAE5 /* Sources */,
				E3F5CC612D3B842B0017FAE5 /* Frameworks */,
				E3F5CC622D3B842B0017FAE5 /* Resources */,
				E35539822D476D11006D11F5 /* Embed Foundation Extensions */,
			);
			buildRules = (
			);
			dependencies = (
				E35539802D476D11006D11F5 /* PBXTargetDependency */,
			);
			name = FortuneBox;
			packageProductDependencies = (
				E35539442D3E8933006D11F5 /* GoogleGenerativeAI */,
			);
			productName = FortuneBox;
			productReference = E3F5CC642D3B842B0017FAE5 /* FortuneBox.app */;
			productType = "com.apple.product-type.application";
		};
		E3F5CC732D3B842F0017FAE5 /* FortuneBoxTests */ = {
			isa = PBXNativeTarget;
			buildConfigurationList = E3F5CC8B2D3B842F0017FAE5 /* Build configuration list for PBXNativeTarget "FortuneBoxTests" */;
			buildPhases = (
				E3F5CC702D3B842F0017FAE5 /* Sources */,
				E3F5CC712D3B842F0017FAE5 /* Frameworks */,
				E3F5CC722D3B842F0017FAE5 /* Resources */,
			);
			buildRules = (
			);
			dependencies = (
				E3F5CC762D3B842F0017FAE5 /* PBXTargetDependency */,
			);
			name = FortuneBoxTests;
			productName = FortuneBoxTests;
			productReference = E3F5CC742D3B842F0017FAE5 /* FortuneBoxTests.xctest */;
			productType = "com.apple.product-type.bundle.unit-test";
		};
		E3F5CC7D2D3B842F0017FAE5 /* FortuneBoxUITests */ = {
			isa = PBXNativeTarget;
			buildConfigurationList = E3F5CC8E2D3B842F0017FAE5 /* Build configuration list for PBXNativeTarget "FortuneBoxUITests" */;
			buildPhases = (
				E3F5CC7A2D3B842F0017FAE5 /* Sources */,
				E3F5CC7B2D3B842F0017FAE5 /* Frameworks */,
				E3F5CC7C2D3B842F0017FAE5 /* Resources */,
			);
			buildRules = (
			);
			dependencies = (
				E3F5CC802D3B842F0017FAE5 /* PBXTargetDependency */,
			);
			name = FortuneBoxUITests;
			productName = FortuneBoxUITests;
			productReference = E3F5CC7E2D3B842F0017FAE5 /* FortuneBoxUITests.xctest */;
			productType = "com.apple.product-type.bundle.ui-testing";
		};
/* End PBXNativeTarget section */

/* Begin PBXProject section */
		E3F5CC5C2D3B842B0017FAE5 /* Project object */ = {
			isa = PBXProject;
			attributes = {
				BuildIndependentTargetsInParallel = 1;
				LastSwiftUpdateCheck = 1540;
				LastUpgradeCheck = 1540;
				TargetAttributes = {
					E355396C2D476D0F006D11F5 = {
						CreatedOnToolsVersion = 15.4;
					};
					E3F5CC632D3B842B0017FAE5 = {
						CreatedOnToolsVersion = 15.4;
					};
					E3F5CC732D3B842F0017FAE5 = {
						CreatedOnToolsVersion = 15.4;
						TestTargetID = E3F5CC632D3B842B0017FAE5;
					};
					E3F5CC7D2D3B842F0017FAE5 = {
						CreatedOnToolsVersion = 15.4;
						TestTargetID = E3F5CC632D3B842B0017FAE5;
					};
				};
			};
			buildConfigurationList = E3F5CC5F2D3B842B0017FAE5 /* Build configuration list for PBXProject "FortuneBox" */;
			compatibilityVersion = "Xcode 14.0";
			developmentRegion = en;
			hasScannedForEncodings = 0;
			knownRegions = (
				en,
				Base,
			);
			mainGroup = E3F5CC5B2D3B842B0017FAE5;
			packageReferences = (
				E35539432D3E8933006D11F5 /* XCRemoteSwiftPackageReference "generative-ai-swift" */,
			);
			productRefGroup = E3F5CC652D3B842B0017FAE5 /* Products */;
			projectDirPath = "";
			projectRoot = "";
			targets = (
				E3F5CC632D3B842B0017FAE5 /* FortuneBox */,
				E3F5CC732D3B842F0017FAE5 /* FortuneBoxTests */,
				E3F5CC7D2D3B842F0017FAE5 /* FortuneBoxUITests */,
				E355396C2D476D0F006D11F5 /* FortuneBoxWidgetExtension */,
			);
		};
/* End PBXProject section */

/* Begin PBXResourcesBuildPhase section */
		E355396B2D476D0F006D11F5 /* Resources */ = {
			isa = PBXResourcesBuildPhase;
			buildActionMask = 2147483647;
			files = (
				E355397D2D476D11006D11F5 /* Assets.xcassets in Resources */,
				E35539932D4771D3006D11F5 /* fortune-box.json in Resources */,
			);
			runOnlyForDeploymentPostprocessing = 0;
		};
		E3F5CC622D3B842B0017FAE5 /* Resources */ = {
			isa = PBXResourcesBuildPhase;
			buildActionMask = 2147483647;
			files = (
				E3F5CCA62D3B882C0017FAE5 /* fortune-box.json in Resources */,
				E3F5CC6F2D3B842E0017FAE5 /* Preview Assets.xcassets in Resources */,
				E3F5CC6C2D3B842E0017FAE5 /* Assets.xcassets in Resources */,
			);
			runOnlyForDeploymentPostprocessing = 0;
		};
		E3F5CC722D3B842F0017FAE5 /* Resources */ = {
			isa = PBXResourcesBuildPhase;
			buildActionMask = 2147483647;
			files = (
			);
			runOnlyForDeploymentPostprocessing = 0;
		};
		E3F5CC7C2D3B842F0017FAE5 /* Resources */ = {
			isa = PBXResourcesBuildPhase;
			buildActionMask = 2147483647;
			files = (
			);
			runOnlyForDeploymentPostprocessing = 0;
		};
/* End PBXResourcesBuildPhase section */

/* Begin PBXSourcesBuildPhase section */
		E35539692D476D0F006D11F5 /* Sources */ = {
			isa = PBXSourcesBuildPhase;
			buildActionMask = 2147483647;
			files = (
				E35539952D4771E4006D11F5 /* FortuneBoxEntryView.swift in Sources */,
				E35539752D476D0F006D11F5 /* FortuneBoxWidgetBundle.swift in Sources */,
				E355399F2D477301006D11F5 /* Date+Extensions.swift in Sources */,
				E35539962D4771E8006D11F5 /* FortuneBoxEntryProvider.swift in Sources */,
				E35539942D4771E1006D11F5 /* FortuneBoxEntry.swift in Sources */,
				E35539992D477277006D11F5 /* Fortune.swift in Sources */,
				E3DC0F612D47DDE500BEF5FC /* UserDefaultsManager.swift in Sources */,
				E35539792D476D0F006D11F5 /* FortuneBoxWidget.swift in Sources */,
				E35539922D4771CF006D11F5 /* FortuneStorage.swift in Sources */,
				E355399A2D4772C7006D11F5 /* FortuneBoxIntent.swift in Sources */,
				E3DC0F632D47E6E300BEF5FC /* Secrets.swift in Sources */,
			);
			runOnlyForDeploymentPostprocessing = 0;
		};
		E3F5CC602D3B842B0017FAE5 /* Sources */ = {
			isa = PBXSourcesBuildPhase;
			buildActionMask = 2147483647;
			files = (
				E3E452F22D3C990C00DA3DF5 /* GradientBackgroundModifier.swift in Sources */,
				E355394A2D411C5E006D11F5 /* Secrets.swift in Sources */,
				E3DC0F662D48E23400BEF5FC /* FortuneBoxEntry.swift in Sources */,
				E3F5CCA82D3B884A0017FAE5 /* FortuneStorage.swift in Sources */,
				E35539472D3E8B84006D11F5 /* GeminiService.swift in Sources */,
				E3E452EC2D3C85BB00DA3DF5 /* SpinnerItemView.swift in Sources */,
				E3E452EA2D3C85B100DA3DF5 /* SpinnerItemViewModel.swift in Sources */,
				E3E452EE2D3C86F300DA3DF5 /* EmojiSpinnerViewModel.swift in Sources */,
				E3E452FB2D3CF49800DA3DF5 /* TypingAnimationViewModel.swift in Sources */,
				E355399E2D4772FA006D11F5 /* Date+Extensions.swift in Sources */,
				E3F5CC682D3B842B0017FAE5 /* FortuneBoxApp.swift in Sources */,
				E3F5CC9B2D3B86DE0017FAE5 /* TodayViewModel.swift in Sources */,
				E35539382D3D1362006D11F5 /* ShimmerModifier.swift in Sources */,
				E3DC0F652D489C5700BEF5FC /* Notification.swift in Sources */,
				E3F5CC992D3B86D00017FAE5 /* TodayView.swift in Sources */,
				E3E452FA2D3CF49800DA3DF5 /* TypingAnimationView.swift in Sources */,
				E3DC0F602D47DC2800BEF5FC /* UserDefaultsManager.swift in Sources */,
				E3F5CC962D3B86B80017FAE5 /* Fortune.swift in Sources */,
				E3F5CCAB2D3B8A550017FAE5 /* EmojiSpinnerView.swift in Sources */,
				E35539882D476DE2006D11F5 /* FortuneBoxIntent.swift in Sources */,
			);
			runOnlyForDeploymentPostprocessing = 0;
		};
		E3F5CC702D3B842F0017FAE5 /* Sources */ = {
			isa = PBXSourcesBuildPhase;
			buildActionMask = 2147483647;
			files = (
				E3F5CC792D3B842F0017FAE5 /* FortuneBoxTests.swift in Sources */,
			);
			runOnlyForDeploymentPostprocessing = 0;
		};
		E3F5CC7A2D3B842F0017FAE5 /* Sources */ = {
			isa = PBXSourcesBuildPhase;
			buildActionMask = 2147483647;
			files = (
				E3F5CC852D3B842F0017FAE5 /* FortuneBoxUITestsLaunchTests.swift in Sources */,
				E3F5CC832D3B842F0017FAE5 /* FortuneBoxUITests.swift in Sources */,
			);
			runOnlyForDeploymentPostprocessing = 0;
		};
/* End PBXSourcesBuildPhase section */

/* Begin PBXTargetDependency section */
		E35539802D476D11006D11F5 /* PBXTargetDependency */ = {
			isa = PBXTargetDependency;
			target = E355396C2D476D0F006D11F5 /* FortuneBoxWidgetExtension */;
			targetProxy = E355397F2D476D11006D11F5 /* PBXContainerItemProxy */;
		};
		E3F5CC762D3B842F0017FAE5 /* PBXTargetDependency */ = {
			isa = PBXTargetDependency;
			target = E3F5CC632D3B842B0017FAE5 /* FortuneBox */;
			targetProxy = E3F5CC752D3B842F0017FAE5 /* PBXContainerItemProxy */;
		};
		E3F5CC802D3B842F0017FAE5 /* PBXTargetDependency */ = {
			isa = PBXTargetDependency;
			target = E3F5CC632D3B842B0017FAE5 /* FortuneBox */;
			targetProxy = E3F5CC7F2D3B842F0017FAE5 /* PBXContainerItemProxy */;
		};
/* End PBXTargetDependency section */

/* Begin XCBuildConfiguration section */
		E35539832D476D11006D11F5 /* Debug */ = {
			isa = XCBuildConfiguration;
			buildSettings = {
				ASSETCATALOG_COMPILER_GLOBAL_ACCENT_COLOR_NAME = AccentColor;
				ASSETCATALOG_COMPILER_WIDGET_BACKGROUND_COLOR_NAME = WidgetBackground;
				CODE_SIGN_ENTITLEMENTS = FortuneBox/App/FortuneBox.entitlements;
				CODE_SIGN_STYLE = Automatic;
				CURRENT_PROJECT_VERSION = 1;
				DEVELOPMENT_TEAM = G3RSN5GZ2E;
				GENERATE_INFOPLIST_FILE = YES;
				INFOPLIST_FILE = FortuneBoxWidget/Info.plist;
				INFOPLIST_KEY_CFBundleDisplayName = FortuneBoxWidget;
				INFOPLIST_KEY_NSHumanReadableCopyright = "";
				LD_RUNPATH_SEARCH_PATHS = (
					"$(inherited)",
					"@executable_path/Frameworks",
					"@executable_path/../../Frameworks",
				);
				MARKETING_VERSION = 1.0.1;
				PRODUCT_BUNDLE_IDENTIFIER = com.miniverse.FortuneBox.FortuneBoxWidget;
				PRODUCT_NAME = "$(TARGET_NAME)";
				SKIP_INSTALL = YES;
				SWIFT_EMIT_LOC_STRINGS = YES;
				SWIFT_VERSION = 5.0;
				TARGETED_DEVICE_FAMILY = "1,2";
			};
			name = Debug;
		};
		E35539842D476D11006D11F5 /* Release */ = {
			isa = XCBuildConfiguration;
			buildSettings = {
				ASSETCATALOG_COMPILER_GLOBAL_ACCENT_COLOR_NAME = AccentColor;
				ASSETCATALOG_COMPILER_WIDGET_BACKGROUND_COLOR_NAME = WidgetBackground;
				CODE_SIGN_ENTITLEMENTS = FortuneBox/App/FortuneBox.entitlements;
				CODE_SIGN_STYLE = Automatic;
				CURRENT_PROJECT_VERSION = 1;
				DEVELOPMENT_TEAM = G3RSN5GZ2E;
				GENERATE_INFOPLIST_FILE = YES;
				INFOPLIST_FILE = FortuneBoxWidget/Info.plist;
				INFOPLIST_KEY_CFBundleDisplayName = FortuneBoxWidget;
				INFOPLIST_KEY_NSHumanReadableCopyright = "";
				LD_RUNPATH_SEARCH_PATHS = (
					"$(inherited)",
					"@executable_path/Frameworks",
					"@executable_path/../../Frameworks",
				);
				MARKETING_VERSION = 1.0.1;
				PRODUCT_BUNDLE_IDENTIFIER = com.miniverse.FortuneBox.FortuneBoxWidget;
				PRODUCT_NAME = "$(TARGET_NAME)";
				SKIP_INSTALL = YES;
				SWIFT_EMIT_LOC_STRINGS = YES;
				SWIFT_VERSION = 5.0;
				TARGETED_DEVICE_FAMILY = "1,2";
			};
			name = Release;
		};
		E3F5CC862D3B842F0017FAE5 /* Debug */ = {
			isa = XCBuildConfiguration;
			buildSettings = {
				ALWAYS_SEARCH_USER_PATHS = NO;
				ASSETCATALOG_COMPILER_GENERATE_SWIFT_ASSET_SYMBOL_EXTENSIONS = YES;
				CLANG_ANALYZER_NONNULL = YES;
				CLANG_ANALYZER_NUMBER_OBJECT_CONVERSION = YES_AGGRESSIVE;
				CLANG_CXX_LANGUAGE_STANDARD = "gnu++20";
				CLANG_ENABLE_MODULES = YES;
				CLANG_ENABLE_OBJC_ARC = YES;
				CLANG_ENABLE_OBJC_WEAK = YES;
				CLANG_WARN_BLOCK_CAPTURE_AUTORELEASING = YES;
				CLANG_WARN_BOOL_CONVERSION = YES;
				CLANG_WARN_COMMA = YES;
				CLANG_WARN_CONSTANT_CONVERSION = YES;
				CLANG_WARN_DEPRECATED_OBJC_IMPLEMENTATIONS = YES;
				CLANG_WARN_DIRECT_OBJC_ISA_USAGE = YES_ERROR;
				CLANG_WARN_DOCUMENTATION_COMMENTS = YES;
				CLANG_WARN_EMPTY_BODY = YES;
				CLANG_WARN_ENUM_CONVERSION = YES;
				CLANG_WARN_INFINITE_RECURSION = YES;
				CLANG_WARN_INT_CONVERSION = YES;
				CLANG_WARN_NON_LITERAL_NULL_CONVERSION = YES;
				CLANG_WARN_OBJC_IMPLICIT_RETAIN_SELF = YES;
				CLANG_WARN_OBJC_LITERAL_CONVERSION = YES;
				CLANG_WARN_OBJC_ROOT_CLASS = YES_ERROR;
				CLANG_WARN_QUOTED_INCLUDE_IN_FRAMEWORK_HEADER = YES;
				CLANG_WARN_RANGE_LOOP_ANALYSIS = YES;
				CLANG_WARN_STRICT_PROTOTYPES = YES;
				CLANG_WARN_SUSPICIOUS_MOVE = YES;
				CLANG_WARN_UNGUARDED_AVAILABILITY = YES_AGGRESSIVE;
				CLANG_WARN_UNREACHABLE_CODE = YES;
				CLANG_WARN__DUPLICATE_METHOD_MATCH = YES;
				COPY_PHASE_STRIP = NO;
				CURRENT_PROJECT_VERSION = 1;
				DEBUG_INFORMATION_FORMAT = dwarf;
				ENABLE_STRICT_OBJC_MSGSEND = YES;
				ENABLE_TESTABILITY = YES;
				ENABLE_USER_SCRIPT_SANDBOXING = YES;
				GCC_C_LANGUAGE_STANDARD = gnu17;
				GCC_DYNAMIC_NO_PIC = NO;
				GCC_NO_COMMON_BLOCKS = YES;
				GCC_OPTIMIZATION_LEVEL = 0;
				GCC_PREPROCESSOR_DEFINITIONS = (
					"DEBUG=1",
					"$(inherited)",
				);
				GCC_WARN_64_TO_32_BIT_CONVERSION = YES;
				GCC_WARN_ABOUT_RETURN_TYPE = YES_ERROR;
				GCC_WARN_UNDECLARED_SELECTOR = YES;
				GCC_WARN_UNINITIALIZED_AUTOS = YES_AGGRESSIVE;
				GCC_WARN_UNUSED_FUNCTION = YES;
				GCC_WARN_UNUSED_VARIABLE = YES;
				INFOPLIST_KEY_CFBundleDisplayName = "운빨존망운세";
				IPHONEOS_DEPLOYMENT_TARGET = 17.5;
				LOCALIZATION_PREFERS_STRING_CATALOGS = YES;
				MTL_ENABLE_DEBUG_INFO = INCLUDE_SOURCE;
				MTL_FAST_MATH = YES;
				ONLY_ACTIVE_ARCH = YES;
				SDKROOT = iphoneos;
				SWIFT_ACTIVE_COMPILATION_CONDITIONS = "DEBUG $(inherited)";
				SWIFT_OPTIMIZATION_LEVEL = "-Onone";
				VERSIONING_SYSTEM = "apple-generic";
			};
			name = Debug;
		};
		E3F5CC872D3B842F0017FAE5 /* Release */ = {
			isa = XCBuildConfiguration;
			buildSettings = {
				ALWAYS_SEARCH_USER_PATHS = NO;
				ASSETCATALOG_COMPILER_GENERATE_SWIFT_ASSET_SYMBOL_EXTENSIONS = YES;
				CLANG_ANALYZER_NONNULL = YES;
				CLANG_ANALYZER_NUMBER_OBJECT_CONVERSION = YES_AGGRESSIVE;
				CLANG_CXX_LANGUAGE_STANDARD = "gnu++20";
				CLANG_ENABLE_MODULES = YES;
				CLANG_ENABLE_OBJC_ARC = YES;
				CLANG_ENABLE_OBJC_WEAK = YES;
				CLANG_WARN_BLOCK_CAPTURE_AUTORELEASING = YES;
				CLANG_WARN_BOOL_CONVERSION = YES;
				CLANG_WARN_COMMA = YES;
				CLANG_WARN_CONSTANT_CONVERSION = YES;
				CLANG_WARN_DEPRECATED_OBJC_IMPLEMENTATIONS = YES;
				CLANG_WARN_DIRECT_OBJC_ISA_USAGE = YES_ERROR;
				CLANG_WARN_DOCUMENTATION_COMMENTS = YES;
				CLANG_WARN_EMPTY_BODY = YES;
				CLANG_WARN_ENUM_CONVERSION = YES;
				CLANG_WARN_INFINITE_RECURSION = YES;
				CLANG_WARN_INT_CONVERSION = YES;
				CLANG_WARN_NON_LITERAL_NULL_CONVERSION = YES;
				CLANG_WARN_OBJC_IMPLICIT_RETAIN_SELF = YES;
				CLANG_WARN_OBJC_LITERAL_CONVERSION = YES;
				CLANG_WARN_OBJC_ROOT_CLASS = YES_ERROR;
				CLANG_WARN_QUOTED_INCLUDE_IN_FRAMEWORK_HEADER = YES;
				CLANG_WARN_RANGE_LOOP_ANALYSIS = YES;
				CLANG_WARN_STRICT_PROTOTYPES = YES;
				CLANG_WARN_SUSPICIOUS_MOVE = YES;
				CLANG_WARN_UNGUARDED_AVAILABILITY = YES_AGGRESSIVE;
				CLANG_WARN_UNREACHABLE_CODE = YES;
				CLANG_WARN__DUPLICATE_METHOD_MATCH = YES;
				COPY_PHASE_STRIP = NO;
				CURRENT_PROJECT_VERSION = 1;
				DEBUG_INFORMATION_FORMAT = "dwarf-with-dsym";
				ENABLE_NS_ASSERTIONS = NO;
				ENABLE_STRICT_OBJC_MSGSEND = YES;
				ENABLE_USER_SCRIPT_SANDBOXING = YES;
				GCC_C_LANGUAGE_STANDARD = gnu17;
				GCC_NO_COMMON_BLOCKS = YES;
				GCC_WARN_64_TO_32_BIT_CONVERSION = YES;
				GCC_WARN_ABOUT_RETURN_TYPE = YES_ERROR;
				GCC_WARN_UNDECLARED_SELECTOR = YES;
				GCC_WARN_UNINITIALIZED_AUTOS = YES_AGGRESSIVE;
				GCC_WARN_UNUSED_FUNCTION = YES;
				GCC_WARN_UNUSED_VARIABLE = YES;
				INFOPLIST_KEY_CFBundleDisplayName = "운빨존망운세";
				IPHONEOS_DEPLOYMENT_TARGET = 17.5;
				LOCALIZATION_PREFERS_STRING_CATALOGS = YES;
				MTL_ENABLE_DEBUG_INFO = NO;
				MTL_FAST_MATH = YES;
				SDKROOT = iphoneos;
				SWIFT_COMPILATION_MODE = wholemodule;
				VALIDATE_PRODUCT = YES;
				VERSIONING_SYSTEM = "apple-generic";
			};
			name = Release;
		};
		E3F5CC892D3B842F0017FAE5 /* Debug */ = {
			isa = XCBuildConfiguration;
			buildSettings = {
				ALWAYS_EMBED_SWIFT_STANDARD_LIBRARIES = YES;
				ASSETCATALOG_COMPILER_APPICON_NAME = AppIcon;
				ASSETCATALOG_COMPILER_GLOBAL_ACCENT_COLOR_NAME = AccentColor;
				CODE_SIGN_ENTITLEMENTS = FortuneBox/App/FortuneBox.entitlements;
				CODE_SIGN_STYLE = Automatic;
				CURRENT_PROJECT_VERSION = 1;
				DEVELOPMENT_ASSET_PATHS = "\"FortuneBox/Preview Content\"";
				DEVELOPMENT_TEAM = G3RSN5GZ2E;
				ENABLE_PREVIEWS = YES;
				GENERATE_INFOPLIST_FILE = YES;
				INFOPLIST_KEY_CFBundleDisplayName = "이모지카세";
				INFOPLIST_KEY_LSApplicationCategoryType = "public.app-category.productivity";
				INFOPLIST_KEY_UIApplicationSceneManifest_Generation = YES;
				INFOPLIST_KEY_UIApplicationSupportsIndirectInputEvents = YES;
				INFOPLIST_KEY_UILaunchScreen_Generation = YES;
				INFOPLIST_KEY_UISupportedInterfaceOrientations = UIInterfaceOrientationPortrait;
				LD_RUNPATH_SEARCH_PATHS = (
					"$(inherited)",
					"@executable_path/Frameworks",
				);
				MARKETING_VERSION = 1.0.2;
				PRODUCT_BUNDLE_IDENTIFIER = com.miniverse.FortuneBox;
				PRODUCT_NAME = "$(TARGET_NAME)";
				SUPPORTED_PLATFORMS = "iphoneos iphonesimulator";
				SUPPORTS_MACCATALYST = NO;
				SUPPORTS_MAC_DESIGNED_FOR_IPHONE_IPAD = NO;
				SUPPORTS_XR_DESIGNED_FOR_IPHONE_IPAD = NO;
				SWIFT_EMIT_LOC_STRINGS = YES;
				SWIFT_VERSION = 5.0;
				TARGETED_DEVICE_FAMILY = 1;
			};
			name = Debug;
		};
		E3F5CC8A2D3B842F0017FAE5 /* Release */ = {
			isa = XCBuildConfiguration;
			buildSettings = {
				ALWAYS_EMBED_SWIFT_STANDARD_LIBRARIES = YES;
				ASSETCATALOG_COMPILER_APPICON_NAME = AppIcon;
				ASSETCATALOG_COMPILER_GLOBAL_ACCENT_COLOR_NAME = AccentColor;
				CODE_SIGN_ENTITLEMENTS = FortuneBox/App/FortuneBox.entitlements;
				CODE_SIGN_STYLE = Automatic;
				CURRENT_PROJECT_VERSION = 1;
				DEVELOPMENT_ASSET_PATHS = "\"FortuneBox/Preview Content\"";
				DEVELOPMENT_TEAM = G3RSN5GZ2E;
				ENABLE_PREVIEWS = YES;
				GENERATE_INFOPLIST_FILE = YES;
				INFOPLIST_KEY_CFBundleDisplayName = "이모지카세";
				INFOPLIST_KEY_LSApplicationCategoryType = "public.app-category.productivity";
				INFOPLIST_KEY_UIApplicationSceneManifest_Generation = YES;
				INFOPLIST_KEY_UIApplicationSupportsIndirectInputEvents = YES;
				INFOPLIST_KEY_UILaunchScreen_Generation = YES;
				INFOPLIST_KEY_UISupportedInterfaceOrientations = UIInterfaceOrientationPortrait;
				LD_RUNPATH_SEARCH_PATHS = (
					"$(inherited)",
					"@executable_path/Frameworks",
				);
				MARKETING_VERSION = 1.0.2;
				PRODUCT_BUNDLE_IDENTIFIER = com.miniverse.FortuneBox;
				PRODUCT_NAME = "$(TARGET_NAME)";
				SUPPORTED_PLATFORMS = "iphoneos iphonesimulator";
				SUPPORTS_MACCATALYST = NO;
				SUPPORTS_MAC_DESIGNED_FOR_IPHONE_IPAD = NO;
				SUPPORTS_XR_DESIGNED_FOR_IPHONE_IPAD = NO;
				SWIFT_EMIT_LOC_STRINGS = YES;
				SWIFT_VERSION = 5.0;
				TARGETED_DEVICE_FAMILY = 1;
			};
			name = Release;
		};
		E3F5CC8C2D3B842F0017FAE5 /* Debug */ = {
			isa = XCBuildConfiguration;
			buildSettings = {
				ALWAYS_EMBED_SWIFT_STANDARD_LIBRARIES = YES;
				BUNDLE_LOADER = "$(TEST_HOST)";
				CODE_SIGN_STYLE = Automatic;
				CURRENT_PROJECT_VERSION = 1;
				DEVELOPMENT_TEAM = G3RSN5GZ2E;
				GENERATE_INFOPLIST_FILE = YES;
				IPHONEOS_DEPLOYMENT_TARGET = 17.5;
				MARKETING_VERSION = 1.0.1;
				PRODUCT_BUNDLE_IDENTIFIER = com.miniverse.FortuneBoxTests;
				PRODUCT_NAME = "$(TARGET_NAME)";
				SWIFT_EMIT_LOC_STRINGS = NO;
				SWIFT_VERSION = 5.0;
				TARGETED_DEVICE_FAMILY = "1,2";
				TEST_HOST = "$(BUILT_PRODUCTS_DIR)/FortuneBox.app/$(BUNDLE_EXECUTABLE_FOLDER_PATH)/FortuneBox";
			};
			name = Debug;
		};
		E3F5CC8D2D3B842F0017FAE5 /* Release */ = {
			isa = XCBuildConfiguration;
			buildSettings = {
				ALWAYS_EMBED_SWIFT_STANDARD_LIBRARIES = YES;
				BUNDLE_LOADER = "$(TEST_HOST)";
				CODE_SIGN_STYLE = Automatic;
				CURRENT_PROJECT_VERSION = 1;
				DEVELOPMENT_TEAM = G3RSN5GZ2E;
				GENERATE_INFOPLIST_FILE = YES;
				IPHONEOS_DEPLOYMENT_TARGET = 17.5;
				MARKETING_VERSION = 1.0.1;
				PRODUCT_BUNDLE_IDENTIFIER = com.miniverse.FortuneBoxTests;
				PRODUCT_NAME = "$(TARGET_NAME)";
				SWIFT_EMIT_LOC_STRINGS = NO;
				SWIFT_VERSION = 5.0;
				TARGETED_DEVICE_FAMILY = "1,2";
				TEST_HOST = "$(BUILT_PRODUCTS_DIR)/FortuneBox.app/$(BUNDLE_EXECUTABLE_FOLDER_PATH)/FortuneBox";
			};
			name = Release;
		};
		E3F5CC8F2D3B842F0017FAE5 /* Debug */ = {
			isa = XCBuildConfiguration;
			buildSettings = {
				ALWAYS_EMBED_SWIFT_STANDARD_LIBRARIES = YES;
				CODE_SIGN_STYLE = Automatic;
				CURRENT_PROJECT_VERSION = 1;
				DEVELOPMENT_TEAM = G3RSN5GZ2E;
				GENERATE_INFOPLIST_FILE = YES;
				MARKETING_VERSION = 1.0.1;
				PRODUCT_BUNDLE_IDENTIFIER = com.miniverse.FortuneBoxUITests;
				PRODUCT_NAME = "$(TARGET_NAME)";
				SWIFT_EMIT_LOC_STRINGS = NO;
				SWIFT_VERSION = 5.0;
				TARGETED_DEVICE_FAMILY = "1,2";
				TEST_TARGET_NAME = FortuneBox;
			};
			name = Debug;
		};
		E3F5CC902D3B842F0017FAE5 /* Release */ = {
			isa = XCBuildConfiguration;
			buildSettings = {
				ALWAYS_EMBED_SWIFT_STANDARD_LIBRARIES = YES;
				CODE_SIGN_STYLE = Automatic;
				CURRENT_PROJECT_VERSION = 1;
				DEVELOPMENT_TEAM = G3RSN5GZ2E;
				GENERATE_INFOPLIST_FILE = YES;
				MARKETING_VERSION = 1.0.1;
				PRODUCT_BUNDLE_IDENTIFIER = com.miniverse.FortuneBoxUITests;
				PRODUCT_NAME = "$(TARGET_NAME)";
				SWIFT_EMIT_LOC_STRINGS = NO;
				SWIFT_VERSION = 5.0;
				TARGETED_DEVICE_FAMILY = "1,2";
				TEST_TARGET_NAME = FortuneBox;
			};
			name = Release;
		};
/* End XCBuildConfiguration section */

/* Begin XCConfigurationList section */
		E35539852D476D11006D11F5 /* Build configuration list for PBXNativeTarget "FortuneBoxWidgetExtension" */ = {
			isa = XCConfigurationList;
			buildConfigurations = (
				E35539832D476D11006D11F5 /* Debug */,
				E35539842D476D11006D11F5 /* Release */,
			);
			defaultConfigurationIsVisible = 0;
			defaultConfigurationName = Release;
		};
		E3F5CC5F2D3B842B0017FAE5 /* Build configuration list for PBXProject "FortuneBox" */ = {
			isa = XCConfigurationList;
			buildConfigurations = (
				E3F5CC862D3B842F0017FAE5 /* Debug */,
				E3F5CC872D3B842F0017FAE5 /* Release */,
			);
			defaultConfigurationIsVisible = 0;
			defaultConfigurationName = Release;
		};
		E3F5CC882D3B842F0017FAE5 /* Build configuration list for PBXNativeTarget "FortuneBox" */ = {
			isa = XCConfigurationList;
			buildConfigurations = (
				E3F5CC892D3B842F0017FAE5 /* Debug */,
				E3F5CC8A2D3B842F0017FAE5 /* Release */,
			);
			defaultConfigurationIsVisible = 0;
			defaultConfigurationName = Release;
		};
		E3F5CC8B2D3B842F0017FAE5 /* Build configuration list for PBXNativeTarget "FortuneBoxTests" */ = {
			isa = XCConfigurationList;
			buildConfigurations = (
				E3F5CC8C2D3B842F0017FAE5 /* Debug */,
				E3F5CC8D2D3B842F0017FAE5 /* Release */,
			);
			defaultConfigurationIsVisible = 0;
			defaultConfigurationName = Release;
		};
		E3F5CC8E2D3B842F0017FAE5 /* Build configuration list for PBXNativeTarget "FortuneBoxUITests" */ = {
			isa = XCConfigurationList;
			buildConfigurations = (
				E3F5CC8F2D3B842F0017FAE5 /* Debug */,
				E3F5CC902D3B842F0017FAE5 /* Release */,
			);
			defaultConfigurationIsVisible = 0;
			defaultConfigurationName = Release;
		};
/* End XCConfigurationList section */

/* Begin XCRemoteSwiftPackageReference section */
		E35539432D3E8933006D11F5 /* XCRemoteSwiftPackageReference "generative-ai-swift" */ = {
			isa = XCRemoteSwiftPackageReference;
			repositoryURL = "https://github.com/google-gemini/generative-ai-swift";
			requirement = {
				kind = upToNextMajorVersion;
				minimumVersion = 0.5.6;
			};
		};
/* End XCRemoteSwiftPackageReference section */

/* Begin XCSwiftPackageProductDependency section */
		E35539442D3E8933006D11F5 /* GoogleGenerativeAI */ = {
			isa = XCSwiftPackageProductDependency;
			package = E35539432D3E8933006D11F5 /* XCRemoteSwiftPackageReference "generative-ai-swift" */;
			productName = GoogleGenerativeAI;
		};
/* End XCSwiftPackageProductDependency section */
	};
	rootObject = E3F5CC5C2D3B842B0017FAE5 /* Project object */;
}
